
Microsoft Visual Studio Solution File, Format Version 12.00
Project("{FAE04EC0-301F-11D3-BF4B-00C04F79EFBC}") = "LABA3", "LABA3\LABA3.csproj", "{29FE8C9D-B306-40DA-8AE2-2C9C12DDFE78}"
EndProject
Global
	GlobalSection(SolutionConfigurationPlatforms) = preSolution
		Debug|Any CPU = Debug|Any CPU
		Release|Any CPU = Release|Any CPU
	EndGlobalSection
	GlobalSection(ProjectConfigurationPlatforms) = postSolution
		{29FE8C9D-B306-40DA-8AE2-2C9C12DDFE78}.Debug|Any CPU.ActiveCfg = Debug|Any CPU
		{29FE8C9D-B306-40DA-8AE2-2C9C12DDFE78}.Debug|Any CPU.Build.0 = Debug|Any CPU
		{29FE8C9D-B306-40DA-8AE2-2C9C12DDFE78}.Release|Any CPU.ActiveCfg = Release|Any CPU
		{29FE8C9D-B306-40DA-8AE2-2C9C12DDFE78}.Release|Any CPU.Build.0 = Release|Any CPU
	EndGlobalSection
EndGlobal
